schema: '2.0'
stages:
  load_data:
    cmd: python src/stage_01_load_save.py --config=config/config.yaml
    deps:
    - path: config/config.yaml
      md5: a5bcc5320664d7bc410d33a0cbd915da
      size: 210
    - path: src/stage_01_load_save.py
      md5: 7ad253bea46224123002a0d2b22edf91
      size: 1282
    - path: src/utils/all_utils.py
      md5: 1e6145d7bcfd5841e4ebd32113b7a8fc
      size: 341
    outs:
    - path: artifacts/raw_local_dir/data.csv
      md5: 7d814a1bda02145efe703f4e1c01847a
      size: 93599
